
Microsoft Visual Studio Solution File, Format Version 12.00
# Visual Studio Version 17
VisualStudioVersion = 17.8.34511.84
MinimumVisualStudioVersion = 10.0.40219.1
Project("{FAE04EC0-301F-11D3-BF4B-00C04F79EFBC}") = "DateiAuflister", "DateiAuflister\DateiAuflister.csproj", "{7942ECBF-4EED-494C-B46B-CDFA77B77FFE}"
EndProject
Global
	GlobalSection(SolutionConfigurationPlatforms) = preSolution
		Debug|Any CPU = Debug|Any CPU
		Release|Any CPU = Release|Any CPU
	EndGlobalSection
	GlobalSection(ProjectConfigurationPlatforms) = postSolution
		{7942ECBF-4EED-494C-B46B-CDFA77B77FFE}.Debug|Any CPU.ActiveCfg = Debug|Any CPU
		{7942ECBF-4EED-494C-B46B-CDFA77B77FFE}.Debug|Any CPU.Build.0 = Debug|Any CPU
		{7942ECBF-4EED-494C-B46B-CDFA77B77FFE}.Release|Any CPU.ActiveCfg = Release|Any CPU
		{7942ECBF-4EED-494C-B46B-CDFA77B77FFE}.Release|Any CPU.Build.0 = Release|Any CPU
	EndGlobalSection
	GlobalSection(SolutionProperties) = preSolution
		HideSolutionNode = FALSE
	EndGlobalSection
	GlobalSection(ExtensibilityGlobals) = postSolution
		SolutionGuid = {16AADDB8-C92C-4167-BFF4-420081AF9E24}
	EndGlobalSection
EndGlobal
